
Microsoft Visual Studio Solution File, Format Version 12.00
# Visual Studio Version 16
VisualStudioVersion = 16.0.30711.63
MinimumVisualStudioVersion = 10.0.40219.1
Project("{FAE04EC0-301F-11D3-BF4B-00C04F79EFBC}") = "MyViewComponent", "MyViewComponent.csproj", "{7AE2671B-3E9E-416A-855F-808998764BD4}"
EndProject
Global
	GlobalSection(SolutionConfigurationPlatforms) = preSolution
		Debug|Any CPU = Debug|Any CPU
		Release|Any CPU = Release|Any CPU
	EndGlobalSection
	GlobalSection(ProjectConfigurationPlatforms) = postSolution
		{7AE2671B-3E9E-416A-855F-808998764BD4}.Debug|Any CPU.ActiveCfg = Debug|Any CPU
		{7AE2671B-3E9E-416A-855F-808998764BD4}.Debug|Any CPU.Build.0 = Debug|Any CPU
		{7AE2671B-3E9E-416A-855F-808998764BD4}.Release|Any CPU.ActiveCfg = Release|Any CPU
		{7AE2671B-3E9E-416A-855F-808998764BD4}.Release|Any CPU.Build.0 = Release|Any CPU
	EndGlobalSection
	GlobalSection(SolutionProperties) = preSolution
		HideSolutionNode = FALSE
	EndGlobalSection
	GlobalSection(ExtensibilityGlobals) = postSolution
		SolutionGuid = {0CB670C0-1064-46A1-ADCF-177886D1A0FF}
	EndGlobalSection
EndGlobal
