
Microsoft Visual Studio Solution File, Format Version 12.00
# Visual Studio Version 16
VisualStudioVersion = 16.0.30711.63
MinimumVisualStudioVersion = 10.0.40219.1
Project("{9A19103F-16F7-4668-BE54-9A1E7A4F7556}") = "HTMLHelpersExample", "HTMLHelpersExample\HTMLHelpersExample.csproj", "{A0005AC9-50CD-475C-AC9B-55C5B1CC8894}"
EndProject
Project("{2150E333-8FDC-42A3-9474-1A3956D46DE8}") = "Solution Items", "Solution Items", "{31292E0E-2493-4AA5-8465-0FA0A0C9324A}"
	ProjectSection(SolutionItems) = preProject
		Readme.md = Readme.md
	EndProjectSection
EndProject
Global
	GlobalSection(SolutionConfigurationPlatforms) = preSolution
		Debug|Any CPU = Debug|Any CPU
		Release|Any CPU = Release|Any CPU
	EndGlobalSection
	GlobalSection(ProjectConfigurationPlatforms) = postSolution
		{A0005AC9-50CD-475C-AC9B-55C5B1CC8894}.Debug|Any CPU.ActiveCfg = Debug|Any CPU
		{A0005AC9-50CD-475C-AC9B-55C5B1CC8894}.Debug|Any CPU.Build.0 = Debug|Any CPU
		{A0005AC9-50CD-475C-AC9B-55C5B1CC8894}.Release|Any CPU.ActiveCfg = Release|Any CPU
		{A0005AC9-50CD-475C-AC9B-55C5B1CC8894}.Release|Any CPU.Build.0 = Release|Any CPU
	EndGlobalSection
	GlobalSection(SolutionProperties) = preSolution
		HideSolutionNode = FALSE
	EndGlobalSection
	GlobalSection(ExtensibilityGlobals) = postSolution
		SolutionGuid = {19757052-61DE-424E-A333-46B429E422D9}
	EndGlobalSection
EndGlobal
