
Microsoft Visual Studio Solution File, Format Version 12.00
# Visual Studio Version 16
VisualStudioVersion = 16.0.30503.244
MinimumVisualStudioVersion = 10.0.40219.1
Project("{FAE04EC0-301F-11D3-BF4B-00C04F79EFBC}") = "HtmlBasics", "HtmlBasics.csproj", "{A5207A19-1FE4-4EE7-A161-B59F8CF85D95}"
EndProject
Global
	GlobalSection(SolutionConfigurationPlatforms) = preSolution
		Debug|Any CPU = Debug|Any CPU
		Release|Any CPU = Release|Any CPU
	EndGlobalSection
	GlobalSection(ProjectConfigurationPlatforms) = postSolution
		{A5207A19-1FE4-4EE7-A161-B59F8CF85D95}.Debug|Any CPU.ActiveCfg = Debug|Any CPU
		{A5207A19-1FE4-4EE7-A161-B59F8CF85D95}.Debug|Any CPU.Build.0 = Debug|Any CPU
		{A5207A19-1FE4-4EE7-A161-B59F8CF85D95}.Release|Any CPU.ActiveCfg = Release|Any CPU
		{A5207A19-1FE4-4EE7-A161-B59F8CF85D95}.Release|Any CPU.Build.0 = Release|Any CPU
	EndGlobalSection
	GlobalSection(SolutionProperties) = preSolution
		HideSolutionNode = FALSE
	EndGlobalSection
	GlobalSection(ExtensibilityGlobals) = postSolution
		SolutionGuid = {8A742EA8-08E4-4474-A0D6-096AA681FF00}
	EndGlobalSection
EndGlobal
