
Microsoft Visual Studio Solution File, Format Version 12.00
# Visual Studio Version 16
VisualStudioVersion = 16.0.30711.63
MinimumVisualStudioVersion = 10.0.40219.1
Project("{9A19103F-16F7-4668-BE54-9A1E7A4F7556}") = "LoggingExample", "LoggingExample\LoggingExample.csproj", "{91ED6DFE-80E4-46E4-8D9C-9E5818416B9C}"
EndProject
Project("{2150E333-8FDC-42A3-9474-1A3956D46DE8}") = "Solution Items", "Solution Items", "{C1F56E95-E103-4A13-8526-0D3AC4FEC12D}"
	ProjectSection(SolutionItems) = preProject
		Readme.md = Readme.md
	EndProjectSection
EndProject
Global
	GlobalSection(SolutionConfigurationPlatforms) = preSolution
		Debug|Any CPU = Debug|Any CPU
		Release|Any CPU = Release|Any CPU
	EndGlobalSection
	GlobalSection(ProjectConfigurationPlatforms) = postSolution
		{91ED6DFE-80E4-46E4-8D9C-9E5818416B9C}.Debug|Any CPU.ActiveCfg = Debug|Any CPU
		{91ED6DFE-80E4-46E4-8D9C-9E5818416B9C}.Debug|Any CPU.Build.0 = Debug|Any CPU
		{91ED6DFE-80E4-46E4-8D9C-9E5818416B9C}.Release|Any CPU.ActiveCfg = Release|Any CPU
		{91ED6DFE-80E4-46E4-8D9C-9E5818416B9C}.Release|Any CPU.Build.0 = Release|Any CPU
	EndGlobalSection
	GlobalSection(SolutionProperties) = preSolution
		HideSolutionNode = FALSE
	EndGlobalSection
	GlobalSection(ExtensibilityGlobals) = postSolution
		SolutionGuid = {7D3B1ADC-0942-42F7-BB79-0577BAE51CE0}
	EndGlobalSection
EndGlobal
