
Microsoft Visual Studio Solution File, Format Version 12.00
# Visual Studio Version 16
VisualStudioVersion = 16.0.30711.63
MinimumVisualStudioVersion = 10.0.40219.1
Project("{FAE04EC0-301F-11D3-BF4B-00C04F79EFBC}") = "CakeStoreApi", "CakeStoreApi.csproj", "{7BD93C25-297A-4A54-A227-1FED209733D5}"
EndProject
Global
	GlobalSection(SolutionConfigurationPlatforms) = preSolution
		Debug|Any CPU = Debug|Any CPU
		Release|Any CPU = Release|Any CPU
	EndGlobalSection
	GlobalSection(ProjectConfigurationPlatforms) = postSolution
		{7BD93C25-297A-4A54-A227-1FED209733D5}.Debug|Any CPU.ActiveCfg = Debug|Any CPU
		{7BD93C25-297A-4A54-A227-1FED209733D5}.Debug|Any CPU.Build.0 = Debug|Any CPU
		{7BD93C25-297A-4A54-A227-1FED209733D5}.Release|Any CPU.ActiveCfg = Release|Any CPU
		{7BD93C25-297A-4A54-A227-1FED209733D5}.Release|Any CPU.Build.0 = Release|Any CPU
	EndGlobalSection
	GlobalSection(SolutionProperties) = preSolution
		HideSolutionNode = FALSE
	EndGlobalSection
	GlobalSection(ExtensibilityGlobals) = postSolution
		SolutionGuid = {A2EEB1CA-CD60-4A50-A813-737708E8C92E}
	EndGlobalSection
EndGlobal
