
Microsoft Visual Studio Solution File, Format Version 12.00
# Visual Studio Version 16
VisualStudioVersion = 16.0.30621.155
MinimumVisualStudioVersion = 10.0.40219.1
Project("{FAE04EC0-301F-11D3-BF4B-00C04F79EFBC}") = "243", "243.csproj", "{A83367EE-63F4-4C90-85CC-FA4CA3601907}"
EndProject
Global
	GlobalSection(SolutionConfigurationPlatforms) = preSolution
		Debug|Any CPU = Debug|Any CPU
		Release|Any CPU = Release|Any CPU
	EndGlobalSection
	GlobalSection(ProjectConfigurationPlatforms) = postSolution
		{A83367EE-63F4-4C90-85CC-FA4CA3601907}.Debug|Any CPU.ActiveCfg = Debug|Any CPU
		{A83367EE-63F4-4C90-85CC-FA4CA3601907}.Debug|Any CPU.Build.0 = Debug|Any CPU
		{A83367EE-63F4-4C90-85CC-FA4CA3601907}.Release|Any CPU.ActiveCfg = Release|Any CPU
		{A83367EE-63F4-4C90-85CC-FA4CA3601907}.Release|Any CPU.Build.0 = Release|Any CPU
	EndGlobalSection
	GlobalSection(SolutionProperties) = preSolution
		HideSolutionNode = FALSE
	EndGlobalSection
	GlobalSection(ExtensibilityGlobals) = postSolution
		SolutionGuid = {5D570C77-98C4-4034-A988-7D7CEF9604C7}
	EndGlobalSection
EndGlobal
