
Microsoft Visual Studio Solution File, Format Version 12.00
# Visual Studio Version 16
VisualStudioVersion = 16.0.30621.155
MinimumVisualStudioVersion = 10.0.40219.1
Project("{9A19103F-16F7-4668-BE54-9A1E7A4F7556}") = "ActorsRazorPages", "ActorsRazorPages.csproj", "{26392099-8384-467B-ADF3-6E97F6C220AA}"
EndProject
Global
	GlobalSection(SolutionConfigurationPlatforms) = preSolution
		Debug|Any CPU = Debug|Any CPU
		Release|Any CPU = Release|Any CPU
	EndGlobalSection
	GlobalSection(ProjectConfigurationPlatforms) = postSolution
		{26392099-8384-467B-ADF3-6E97F6C220AA}.Debug|Any CPU.ActiveCfg = Debug|Any CPU
		{26392099-8384-467B-ADF3-6E97F6C220AA}.Debug|Any CPU.Build.0 = Debug|Any CPU
		{26392099-8384-467B-ADF3-6E97F6C220AA}.Release|Any CPU.ActiveCfg = Release|Any CPU
		{26392099-8384-467B-ADF3-6E97F6C220AA}.Release|Any CPU.Build.0 = Release|Any CPU
	EndGlobalSection
	GlobalSection(SolutionProperties) = preSolution
		HideSolutionNode = FALSE
	EndGlobalSection
	GlobalSection(ExtensibilityGlobals) = postSolution
		SolutionGuid = {32A601AF-9911-4D74-91F9-239D73EC03E2}
	EndGlobalSection
EndGlobal
