
Microsoft Visual Studio Solution File, Format Version 12.00
# Visual Studio Version 16
VisualStudioVersion = 16.0.30711.63
MinimumVisualStudioVersion = 10.0.40219.1
Project("{FAE04EC0-301F-11D3-BF4B-00C04F79EFBC}") = "UsandoHelpers", "UsandoHelpers.csproj", "{B64E1D2B-739F-47D0-94FE-359B5B627859}"
EndProject
Global
	GlobalSection(SolutionConfigurationPlatforms) = preSolution
		Debug|Any CPU = Debug|Any CPU
		Release|Any CPU = Release|Any CPU
	EndGlobalSection
	GlobalSection(ProjectConfigurationPlatforms) = postSolution
		{B64E1D2B-739F-47D0-94FE-359B5B627859}.Debug|Any CPU.ActiveCfg = Debug|Any CPU
		{B64E1D2B-739F-47D0-94FE-359B5B627859}.Debug|Any CPU.Build.0 = Debug|Any CPU
		{B64E1D2B-739F-47D0-94FE-359B5B627859}.Release|Any CPU.ActiveCfg = Release|Any CPU
		{B64E1D2B-739F-47D0-94FE-359B5B627859}.Release|Any CPU.Build.0 = Release|Any CPU
	EndGlobalSection
	GlobalSection(SolutionProperties) = preSolution
		HideSolutionNode = FALSE
	EndGlobalSection
	GlobalSection(ExtensibilityGlobals) = postSolution
		SolutionGuid = {EF85FA4C-1997-4D6F-9836-CA19C1738EAC}
	EndGlobalSection
EndGlobal
