
Microsoft Visual Studio Solution File, Format Version 12.00
# Visual Studio Version 16
VisualStudioVersion = 16.0.30711.63
MinimumVisualStudioVersion = 10.0.40219.1
Project("{9A19103F-16F7-4668-BE54-9A1E7A4F7556}") = "NpmExample", "NpmExample\NpmExample.csproj", "{4BC77E2C-56BF-495B-AE7D-29ED58561B3A}"
EndProject
Project("{2150E333-8FDC-42A3-9474-1A3956D46DE8}") = "Solution Items", "Solution Items", "{86AA8E9C-2DC9-41CF-A02C-6A03BC64796C}"
	ProjectSection(SolutionItems) = preProject
		Readme.md = Readme.md
	EndProjectSection
EndProject
Global
	GlobalSection(SolutionConfigurationPlatforms) = preSolution
		Debug|Any CPU = Debug|Any CPU
		Release|Any CPU = Release|Any CPU
	EndGlobalSection
	GlobalSection(ProjectConfigurationPlatforms) = postSolution
		{4BC77E2C-56BF-495B-AE7D-29ED58561B3A}.Debug|Any CPU.ActiveCfg = Debug|Any CPU
		{4BC77E2C-56BF-495B-AE7D-29ED58561B3A}.Debug|Any CPU.Build.0 = Debug|Any CPU
		{4BC77E2C-56BF-495B-AE7D-29ED58561B3A}.Release|Any CPU.ActiveCfg = Release|Any CPU
		{4BC77E2C-56BF-495B-AE7D-29ED58561B3A}.Release|Any CPU.Build.0 = Release|Any CPU
	EndGlobalSection
	GlobalSection(SolutionProperties) = preSolution
		HideSolutionNode = FALSE
	EndGlobalSection
	GlobalSection(ExtensibilityGlobals) = postSolution
		SolutionGuid = {D51E354D-1711-465A-9415-FEA0039F6D16}
	EndGlobalSection
EndGlobal
