
Microsoft Visual Studio Solution File, Format Version 12.00
# Visual Studio Version 16
VisualStudioVersion = 16.0.30621.155
MinimumVisualStudioVersion = 10.0.40219.1
Project("{FAE04EC0-301F-11D3-BF4B-00C04F79EFBC}") = "266", "266.csproj", "{73D50431-2AC1-40DE-8EB0-DB28995EF061}"
EndProject
Global
	GlobalSection(SolutionConfigurationPlatforms) = preSolution
		Debug|Any CPU = Debug|Any CPU
		Release|Any CPU = Release|Any CPU
	EndGlobalSection
	GlobalSection(ProjectConfigurationPlatforms) = postSolution
		{73D50431-2AC1-40DE-8EB0-DB28995EF061}.Debug|Any CPU.ActiveCfg = Debug|Any CPU
		{73D50431-2AC1-40DE-8EB0-DB28995EF061}.Debug|Any CPU.Build.0 = Debug|Any CPU
		{73D50431-2AC1-40DE-8EB0-DB28995EF061}.Release|Any CPU.ActiveCfg = Release|Any CPU
		{73D50431-2AC1-40DE-8EB0-DB28995EF061}.Release|Any CPU.Build.0 = Release|Any CPU
	EndGlobalSection
	GlobalSection(SolutionProperties) = preSolution
		HideSolutionNode = FALSE
	EndGlobalSection
	GlobalSection(ExtensibilityGlobals) = postSolution
		SolutionGuid = {93BDFFE7-997A-4FC5-A39D-524B745D56AB}
	EndGlobalSection
EndGlobal
