
Microsoft Visual Studio Solution File, Format Version 12.00
# Visual Studio Version 16
VisualStudioVersion = 16.0.30711.63
MinimumVisualStudioVersion = 10.0.40219.1
Project("{9A19103F-16F7-4668-BE54-9A1E7A4F7556}") = "BindViewsExample", "BindViewsExample\BindViewsExample.csproj", "{9592C42E-6984-4895-9632-17182A8FCF53}"
EndProject
Project("{2150E333-8FDC-42A3-9474-1A3956D46DE8}") = "Solution Items", "Solution Items", "{8B2E3CFB-31CD-4D3F-8FA9-5C1C172E3AB7}"
	ProjectSection(SolutionItems) = preProject
		Readme.md = Readme.md
	EndProjectSection
EndProject
Global
	GlobalSection(SolutionConfigurationPlatforms) = preSolution
		Debug|Any CPU = Debug|Any CPU
		Release|Any CPU = Release|Any CPU
	EndGlobalSection
	GlobalSection(ProjectConfigurationPlatforms) = postSolution
		{9592C42E-6984-4895-9632-17182A8FCF53}.Debug|Any CPU.ActiveCfg = Debug|Any CPU
		{9592C42E-6984-4895-9632-17182A8FCF53}.Debug|Any CPU.Build.0 = Debug|Any CPU
		{9592C42E-6984-4895-9632-17182A8FCF53}.Release|Any CPU.ActiveCfg = Release|Any CPU
		{9592C42E-6984-4895-9632-17182A8FCF53}.Release|Any CPU.Build.0 = Release|Any CPU
	EndGlobalSection
	GlobalSection(SolutionProperties) = preSolution
		HideSolutionNode = FALSE
	EndGlobalSection
	GlobalSection(ExtensibilityGlobals) = postSolution
		SolutionGuid = {6E54EBE2-21DC-4F0B-B7CB-B5B0818F5802}
	EndGlobalSection
EndGlobal
