
Microsoft Visual Studio Solution File, Format Version 12.00
# Visual Studio Version 16
VisualStudioVersion = 16.0.30611.23
MinimumVisualStudioVersion = 10.0.40219.1
Project("{FAE04EC0-301F-11D3-BF4B-00C04F79EFBC}") = "DesignView", "DesignView.csproj", "{3EFB94B8-7391-40AC-A13D-68E4753692F5}"
EndProject
Global
	GlobalSection(SolutionConfigurationPlatforms) = preSolution
		Debug|Any CPU = Debug|Any CPU
		Release|Any CPU = Release|Any CPU
	EndGlobalSection
	GlobalSection(ProjectConfigurationPlatforms) = postSolution
		{3EFB94B8-7391-40AC-A13D-68E4753692F5}.Debug|Any CPU.ActiveCfg = Debug|Any CPU
		{3EFB94B8-7391-40AC-A13D-68E4753692F5}.Debug|Any CPU.Build.0 = Debug|Any CPU
		{3EFB94B8-7391-40AC-A13D-68E4753692F5}.Release|Any CPU.ActiveCfg = Release|Any CPU
		{3EFB94B8-7391-40AC-A13D-68E4753692F5}.Release|Any CPU.Build.0 = Release|Any CPU
	EndGlobalSection
	GlobalSection(SolutionProperties) = preSolution
		HideSolutionNode = FALSE
	EndGlobalSection
	GlobalSection(ExtensibilityGlobals) = postSolution
		SolutionGuid = {59482DE8-1D4E-4ACA-B925-0C2985C11F92}
	EndGlobalSection
EndGlobal
